{
  "name": "smart-contracts",
  "version": "1.0.0",
  "lockfileVersion": 1,
  "requires": true,
  "dependencies": {
    "@openzeppelin/contracts": {
      "version": "4.3.2",
      "resolved": "https://registry.npmjs.org/@openzeppelin/contracts/-/contracts-4.3.2.tgz",
      "integrity": "sha512-AybF1cesONZStg5kWf6ao9OlqTZuPqddvprc0ky7lrUVOjXeKpmQ2Y9FK+6ygxasb+4aic4O5pneFBfwVsRRRg=="
    },
    "@openzeppelin/contracts-upgradeable": {
      "version": "4.3.2",
      "resolved": "https://registry.npmjs.org/@openzeppelin/contracts-upgradeable/-/contracts-upgradeable-4.3.2.tgz",
      "integrity": "sha512-i/pOaOtcqDk4UqsrOv735uYyTbn6dvfiuVu5hstsgV6c4ZKUtu88/31zT2BzkCg+3JfcwOfgg2TtRKVKKZIGkQ=="
    }
  }
}
